// !$*UTF8*$!
{
	archiveVersion = 1;
	classes = {
	};
	objectVersion = 46;
	objects = {

/* Begin PBXBuildFile section */
		ABB24DE31F030EDE00B37F72 /* main.swift in Sources */ = {isa = PBXBuildFile; fileRef = ABB24DE21F030EDE00B37F72 /* main.swift */; };
		ABE4D6061FD0B4AF005E1A80 /* Token.swift in Sources */ = {isa = PBXBuildFile; fileRef = ABE4D6051FD0B4AF005E1A80 /* Token.swift */; };
		ABE4D6081FD0B56A005E1A80 /* Compiler.swift in Sources */ = {isa = PBXBuildFile; fileRef = ABE4D6071FD0B56A005E1A80 /* Compiler.swift */; };
		ABE4D60A1FD0B9CA005E1A80 /* UsageError.swift in Sources */ = {isa = PBXBuildFile; fileRef = ABE4D6091FD0B9CA005E1A80 /* UsageError.swift */; };
/* End PBXBuildFile section */

/* Begin PBXCopyFilesBuildPhase section */
		ABB24DDD1F030EDE00B37F72 /* CopyFiles */ = {
			isa = PBXCopyFilesBuildPhase;
			buildActionMask = 2147483647;
			dstPath = /usr/share/man/man1/;
			dstSubfolderSpec = 0;
			files = (
			);
			runOnlyForDeploymentPostprocessing = 1;
		};
/* End PBXCopyFilesBuildPhase section */

/* Begin PBXFileReference section */
		ABB24DDF1F030EDE00B37F72 /* ozark */ = {isa = PBXFileReference; explicitFileType = "compiled.mach-o.executable"; includeInIndex = 0; path = ozark; sourceTree = BUILT_PRODUCTS_DIR; };
		ABB24DE21F030EDE00B37F72 /* main.swift */ = {isa = PBXFileReference; lastKnownFileType = sourcecode.swift; path = main.swift; sourceTree = "<group>"; };
		ABE4D6051FD0B4AF005E1A80 /* Token.swift */ = {isa = PBXFileReference; lastKnownFileType = sourcecode.swift; path = Token.swift; sourceTree = "<group>"; };
		ABE4D6071FD0B56A005E1A80 /* Compiler.swift */ = {isa = PBXFileReference; lastKnownFileType = sourcecode.swift; path = Compiler.swift; sourceTree = "<group>"; };
		ABE4D6091FD0B9CA005E1A80 /* UsageError.swift */ = {isa = PBXFileReference; lastKnownFileType = sourcecode.swift; path = UsageError.swift; sourceTree = "<group>"; };
/* End PBXFileReference section */

/* Begin PBXFrameworksBuildPhase section */
		ABB24DDC1F030EDE00B37F72 /* Frameworks */ = {
			isa = PBXFrameworksBuildPhase;
			buildActionMask = 2147483647;
			files = (
			);
			runOnlyForDeploymentPostprocessing = 0;
		};
/* End PBXFrameworksBuildPhase section */

/* Begin PBXGroup section */
		ABB24DD61F030EDE00B37F72 = {
			isa = PBXGroup;
			children = (
				ABB24DE11F030EDE00B37F72 /* ozark */,
				ABB24DE01F030EDE00B37F72 /* Products */,
			);
			sourceTree = "<group>";
		};
		ABB24DE01F030EDE00B37F72 /* Products */ = {
			isa = PBXGroup;
			children = (
				ABB24DDF1F030EDE00B37F72 /* ozark */,
			);
			name = Products;
			sourceTree = "<group>";
		};
		ABB24DE11F030EDE00B37F72 /* ozark */ = {
			isa = PBXGroup;
			children = (
				ABE4D6071FD0B56A005E1A80 /* Compiler.swift */,
				ABE4D6051FD0B4AF005E1A80 /* Token.swift */,
				ABE4D6091FD0B9CA005E1A80 /* UsageError.swift */,
				ABB24DE21F030EDE00B37F72 /* main.swift */,
			);
			path = ozark;
			sourceTree = "<group>";
		};
/* End PBXGroup section */

/* Begin PBXNativeTarget section */
		ABB24DDE1F030EDE00B37F72 /* ozark */ = {
			isa = PBXNativeTarget;
			buildConfigurationList = ABB24DE61F030EDE00B37F72 /* Build configuration list for PBXNativeTarget "ozark" */;
			buildPhases = (
				ABB24DDB1F030EDE00B37F72 /* Sources */,
				ABB24DDC1F030EDE00B37F72 /* Frameworks */,
				ABB24DDD1F030EDE00B37F72 /* CopyFiles */,
			);
			buildRules = (
			);
			dependencies = (
			);
			name = ozark;
			productName = ozark;
			productReference = ABB24DDF1F030EDE00B37F72 /* ozark */;
			productType = "com.apple.product-type.tool";
		};
/* End PBXNativeTarget section */

/* Begin PBXProject section */
		ABB24DD71F030EDE00B37F72 /* Project object */ = {
			isa = PBXProject;
			attributes = {
				LastSwiftUpdateCheck = 0830;
				LastUpgradeCheck = 0910;
				ORGANIZATIONNAME = "Finch Software";
				TargetAttributes = {
					ABB24DDE1F030EDE00B37F72 = {
						CreatedOnToolsVersion = 8.3.3;
						DevelopmentTeam = KBPKYHKJMA;
						LastSwiftMigration = 0910;
						ProvisioningStyle = Automatic;
					};
				};
			};
			buildConfigurationList = ABB24DDA1F030EDE00B37F72 /* Build configuration list for PBXProject "ozark" */;
			compatibilityVersion = "Xcode 3.2";
			developmentRegion = English;
			hasScannedForEncodings = 0;
			knownRegions = (
				en,
			);
			mainGroup = ABB24DD61F030EDE00B37F72;
			productRefGroup = ABB24DE01F030EDE00B37F72 /* Products */;
			projectDirPath = "";
			projectRoot = "";
			targets = (
				ABB24DDE1F030EDE00B37F72 /* ozark */,
			);
		};
/* End PBXProject section */

/* Begin PBXSourcesBuildPhase section */
		ABB24DDB1F030EDE00B37F72 /* Sources */ = {
			isa = PBXSourcesBuildPhase;
			buildActionMask = 2147483647;
			files = (
				ABB24DE31F030EDE00B37F72 /* main.swift in Sources */,
				ABE4D6081FD0B56A005E1A80 /* Compiler.swift in Sources */,
				ABE4D60A1FD0B9CA005E1A80 /* UsageError.swift in Sources */,
				ABE4D6061FD0B4AF005E1A80 /* Token.swift in Sources */,
			);
			runOnlyForDeploymentPostprocessing = 0;
		};
/* End PBXSourcesBuildPhase section */

/* Begin XCBuildConfiguration section */
		ABB24DE41F030EDE00B37F72 /* Debug */ = {
			isa = XCBuildConfiguration;
			buildSettings = {
				ALWAYS_SEARCH_USER_PATHS = NO;
				CLANG_ANALYZER_NONNULL = YES;
				CLANG_ANALYZER_NUMBER_OBJECT_CONVERSION = YES_AGGRESSIVE;
				CLANG_CXX_LANGUAGE_STANDARD = "gnu++0x";
				CLANG_CXX_LIBRARY = "libc++";
				CLANG_ENABLE_MODULES = YES;
				CLANG_ENABLE_OBJC_ARC = YES;
				CLANG_WARN_BLOCK_CAPTURE_AUTORELEASING = YES;
				CLANG_WARN_BOOL_CONVERSION = YES;
				CLANG_WARN_COMMA = YES;
				CLANG_WARN_CONSTANT_CONVERSION = YES;
				CLANG_WARN_DIRECT_OBJC_ISA_USAGE = YES_ERROR;
				CLANG_WARN_DOCUMENTATION_COMMENTS = YES;
				CLANG_WARN_EMPTY_BODY = YES;
				CLANG_WARN_ENUM_CONVERSION = YES;
				CLANG_WARN_INFINITE_RECURSION = YES;
				CLANG_WARN_INT_CONVERSION = YES;
				CLANG_WARN_NON_LITERAL_NULL_CONVERSION = YES;
				CLANG_WARN_OBJC_LITERAL_CONVERSION = YES;
				CLANG_WARN_OBJC_ROOT_CLASS = YES_ERROR;
				CLANG_WARN_RANGE_LOOP_ANALYSIS = YES;
				CLANG_WARN_STRICT_PROTOTYPES = YES;
				CLANG_WARN_SUSPICIOUS_MOVE = YES;
				CLANG_WARN_UNREACHABLE_CODE = YES;
				CLANG_WARN__DUPLICATE_METHOD_MATCH = YES;
				CODE_SIGN_IDENTITY = "-";
				COPY_PHASE_STRIP = NO;
				DEBUG_INFORMATION_FORMAT = dwarf;
				ENABLE_STRICT_OBJC_MSGSEND = YES;
				ENABLE_TESTABILITY = YES;
				GCC_C_LANGUAGE_STANDARD = gnu99;
				GCC_DYNAMIC_NO_PIC = NO;
				GCC_NO_COMMON_BLOCKS = YES;
				GCC_OPTIMIZATION_LEVEL = 0;
				GCC_PREPROCESSOR_DEFINITIONS = (
					"DEBUG=1",
					"$(inherited)",
				);
				GCC_WARN_64_TO_32_BIT_CONVERSION = YES;
				GCC_WARN_ABOUT_RETURN_TYPE = YES_ERROR;
				GCC_WARN_UNDECLARED_SELECTOR = YES;
				GCC_WARN_UNINITIALIZED_AUTOS = YES_AGGRESSIVE;
				GCC_WARN_UNUSED_FUNCTION = YES;
				GCC_WARN_UNUSED_VARIABLE = YES;
				MACOSX_DEPLOYMENT_TARGET = 10.12;
				MTL_ENABLE_DEBUG_INFO = YES;
				ONLY_ACTIVE_ARCH = YES;
				SDKROOT = macosx;
				SWIFT_OPTIMIZATION_LEVEL = "-Onone";
			};
			name = Debug;
		};
		ABB24DE51F030EDE00B37F72 /* Release */ = {
			isa = XCBuildConfiguration;
			buildSettings = {
				ALWAYS_SEARCH_USER_PATHS = NO;
				CLANG_ANALYZER_NONNULL = YES;
				CLANG_ANALYZER_NUMBER_OBJECT_CONVERSION = YES_AGGRESSIVE;
				CLANG_CXX_LANGUAGE_STANDARD = "gnu++0x";
				CLANG_CXX_LIBRARY = "libc++";
				CLANG_ENABLE_MODULES = YES;
				CLANG_ENABLE_OBJC_ARC = YES;
				CLANG_WARN_BLOCK_CAPTURE_AUTORELEASING = YES;
				CLANG_WARN_BOOL_CONVERSION = YES;
				CLANG_WARN_COMMA = YES;
				CLANG_WARN_CONSTANT_CONVERSION = YES;
				CLANG_WARN_DIRECT_OBJC_ISA_USAGE = YES_ERROR;
				CLANG_WARN_DOCUMENTATION_COMMENTS = YES;
				CLANG_WARN_EMPTY_BODY = YES;
				CLANG_WARN_ENUM_CONVERSION = YES;
				CLANG_WARN_INFINITE_RECURSION = YES;
				CLANG_WARN_INT_CONVERSION = YES;
				CLANG_WARN_NON_LITERAL_NULL_CONVERSION = YES;
				CLANG_WARN_OBJC_LITERAL_CONVERSION = YES;
				CLANG_WARN_OBJC_ROOT_CLASS = YES_ERROR;
				CLANG_WARN_RANGE_LOOP_ANALYSIS = YES;
				CLANG_WARN_STRICT_PROTOTYPES = YES;
				CLANG_WARN_SUSPICIOUS_MOVE = YES;
				CLANG_WARN_UNREACHABLE_CODE = YES;
				CLANG_WARN__DUPLICATE_METHOD_MATCH = YES;
				CODE_SIGN_IDENTITY = "-";
				COPY_PHASE_STRIP = NO;
				DEBUG_INFORMATION_FORMAT = "dwarf-with-dsym";
				ENABLE_NS_ASSERTIONS = NO;
				ENABLE_STRICT_OBJC_MSGSEND = YES;
				GCC_C_LANGUAGE_STANDARD = gnu99;
				GCC_NO_COMMON_BLOCKS = YES;
				GCC_WARN_64_TO_32_BIT_CONVERSION = YES;
				GCC_WARN_ABOUT_RETURN_TYPE = YES_ERROR;
				GCC_WARN_UNDECLARED_SELECTOR = YES;
				GCC_WARN_UNINITIALIZED_AUTOS = YES_AGGRESSIVE;
				GCC_WARN_UNUSED_FUNCTION = YES;
				GCC_WARN_UNUSED_VARIABLE = YES;
				MACOSX_DEPLOYMENT_TARGET = 10.12;
				MTL_ENABLE_DEBUG_INFO = NO;
				SDKROOT = macosx;
				SWIFT_OPTIMIZATION_LEVEL = "-Owholemodule";
			};
			name = Release;
		};
		ABB24DE71F030EDE00B37F72 /* Debug */ = {
			isa = XCBuildConfiguration;
			buildSettings = {
				DEVELOPMENT_TEAM = KBPKYHKJMA;
				PRODUCT_NAME = "$(TARGET_NAME)";
				SWIFT_SWIFT3_OBJC_INFERENCE = Default;
				SWIFT_VERSION = 4.0;
			};
			name = Debug;
		};
		ABB24DE81F030EDE00B37F72 /* Release */ = {
			isa = XCBuildConfiguration;
			buildSettings = {
				DEVELOPMENT_TEAM = KBPKYHKJMA;
				PRODUCT_NAME = "$(TARGET_NAME)";
				SWIFT_SWIFT3_OBJC_INFERENCE = Default;
				SWIFT_VERSION = 4.0;
			};
			name = Release;
		};
/* End XCBuildConfiguration section */

/* Begin XCConfigurationList section */
		ABB24DDA1F030EDE00B37F72 /* Build configuration list for PBXProject "ozark" */ = {
			isa = XCConfigurationList;
			buildConfigurations = (
				ABB24DE41F030EDE00B37F72 /* Debug */,
				ABB24DE51F030EDE00B37F72 /* Release */,
			);
			defaultConfigurationIsVisible = 0;
			defaultConfigurationName = Release;
		};
		ABB24DE61F030EDE00B37F72 /* Build configuration list for PBXNativeTarget "ozark" */ = {
			isa = XCConfigurationList;
			buildConfigurations = (
				ABB24DE71F030EDE00B37F72 /* Debug */,
				ABB24DE81F030EDE00B37F72 /* Release */,
			);
			defaultConfigurationIsVisible = 0;
			defaultConfigurationName = Release;
		};
/* End XCConfigurationList section */
	};
	rootObject = ABB24DD71F030EDE00B37F72 /* Project object */;
}
